
Microsoft Visual Studio Solution File, Format Version 12.00
# Visual Studio Version 16
VisualStudioVersion = 16.0.29009.5
MinimumVisualStudioVersion = 10.0.40219.1
Project("{FAE04EC0-301F-11D3-BF4B-00C04F79EFBC}") = "calculator", "calculator\calculator.csproj", "{6AE63FD5-139D-4D82-8856-4F09FCCD945C}"
EndProject
Global
	GlobalSection(SolutionConfigurationPlatforms) = preSolution
		Debug|Any CPU = Debug|Any CPU
		Release|Any CPU = Release|Any CPU
	EndGlobalSection
	GlobalSection(ProjectConfigurationPlatforms) = postSolution
		{6AE63FD5-139D-4D82-8856-4F09FCCD945C}.Debug|Any CPU.ActiveCfg = Debug|Any CPU
		{6AE63FD5-139D-4D82-8856-4F09FCCD945C}.Debug|Any CPU.Build.0 = Debug|Any CPU
		{6AE63FD5-139D-4D82-8856-4F09FCCD945C}.Release|Any CPU.ActiveCfg = Release|Any CPU
		{6AE63FD5-139D-4D82-8856-4F09FCCD945C}.Release|Any CPU.Build.0 = Release|Any CPU
	EndGlobalSection
	GlobalSection(SolutionProperties) = preSolution
		HideSolutionNode = FALSE
	EndGlobalSection
	GlobalSection(ExtensibilityGlobals) = postSolution
		SolutionGuid = {A7E522E7-2F4E-4A64-AA18-2CB3AB9A651C}
	EndGlobalSection
EndGlobal
