
Microsoft Visual Studio Solution File, Format Version 12.00
# Visual Studio 2012
Project("{FAE04EC0-301F-11D3-BF4B-00C04F79EFBC}") = "CalculatorV2.0", "CalculatorV2.0.csproj", "{BBF5937C-1060-40D9-9395-A2BDB3803762}"
EndProject
Global
	GlobalSection(SolutionConfigurationPlatforms) = preSolution
		Debug|Any CPU = Debug|Any CPU
		Release|Any CPU = Release|Any CPU
	EndGlobalSection
	GlobalSection(ProjectConfigurationPlatforms) = postSolution
		{BBF5937C-1060-40D9-9395-A2BDB3803762}.Debug|Any CPU.ActiveCfg = Debug|Any CPU
		{BBF5937C-1060-40D9-9395-A2BDB3803762}.Debug|Any CPU.Build.0 = Debug|Any CPU
		{BBF5937C-1060-40D9-9395-A2BDB3803762}.Release|Any CPU.ActiveCfg = Release|Any CPU
		{BBF5937C-1060-40D9-9395-A2BDB3803762}.Release|Any CPU.Build.0 = Release|Any CPU
	EndGlobalSection
	GlobalSection(SolutionProperties) = preSolution
		HideSolutionNode = FALSE
	EndGlobalSection
EndGlobal
